
Microsoft Visual Studio Solution File, Format Version 12.00
# Visual Studio 14
VisualStudioVersion = 14.0.24720.0
MinimumVisualStudioVersion = 10.0.40219.1
Project("{FAE04EC0-301F-11D3-BF4B-00C04F79EFBC}") = "Week4_Practice_01302016", "Week4_Practice_01302016\Week4_Practice_01302016.csproj", "{7715106F-5AA1-403A-AC46-C29EF796D7BD}"
EndProject
Global
	GlobalSection(SolutionConfigurationPlatforms) = preSolution
		Debug|Any CPU = Debug|Any CPU
		Release|Any CPU = Release|Any CPU
	EndGlobalSection
	GlobalSection(ProjectConfigurationPlatforms) = postSolution
		{7715106F-5AA1-403A-AC46-C29EF796D7BD}.Debug|Any CPU.ActiveCfg = Debug|Any CPU
		{7715106F-5AA1-403A-AC46-C29EF796D7BD}.Debug|Any CPU.Build.0 = Debug|Any CPU
		{7715106F-5AA1-403A-AC46-C29EF796D7BD}.Release|Any CPU.ActiveCfg = Release|Any CPU
		{7715106F-5AA1-403A-AC46-C29EF796D7BD}.Release|Any CPU.Build.0 = Release|Any CPU
	EndGlobalSection
	GlobalSection(SolutionProperties) = preSolution
		HideSolutionNode = FALSE
	EndGlobalSection
EndGlobal
